
Microsoft Visual Studio Solution File, Format Version 12.00
# Visual Studio Version 17
VisualStudioVersion = 17.14.36429.23
MinimumVisualStudioVersion = 10.0.40219.1
Project("{FAE04EC0-301F-11D3-BF4B-00C04F79EFBC}") = "if else", "if else\if else.csproj", "{E3484EF9-E0C6-4DC7-A145-2658971652D3}"
EndProject
Project("{FAE04EC0-301F-11D3-BF4B-00C04F79EFBC}") = "switch statements", "switch statements\switch statements.csproj", "{FA9F31DE-F46A-429E-A8BC-95CBD2795853}"
EndProject
Project("{FAE04EC0-301F-11D3-BF4B-00C04F79EFBC}") = "RPS", "RPS\RPS.csproj", "{B8E1FFE5-29B7-4156-A320-C33817802DF3}"
EndProject
Project("{FAE04EC0-301F-11D3-BF4B-00C04F79EFBC}") = "Oef 1", "Oef 1\Oef 1.csproj", "{5B6B2CA6-6B37-4E7F-9EDC-4C50C55E6CEE}"
EndProject
Project("{FAE04EC0-301F-11D3-BF4B-00C04F79EFBC}") = "Oef 2", "Oef 2\Oef 2.csproj", "{EA435B21-147D-4D33-8E0E-CF864D07CFD8}"
EndProject
Project("{FAE04EC0-301F-11D3-BF4B-00C04F79EFBC}") = "Oef 3", "Oef 3\Oef 3.csproj", "{EBB156BC-A894-4245-B5FF-35C2D9FF0705}"
EndProject
Project("{FAE04EC0-301F-11D3-BF4B-00C04F79EFBC}") = "Oef 4", "Oef 4\Oef 4.csproj", "{91679F2C-D458-4506-935F-F7EEF92E6677}"
EndProject
Project("{FAE04EC0-301F-11D3-BF4B-00C04F79EFBC}") = "Oef 5", "Oef 5\Oef 5.csproj", "{CBB6B366-80FF-46E4-8D9E-DD9FE9B445B8}"
EndProject
Project("{FAE04EC0-301F-11D3-BF4B-00C04F79EFBC}") = "Oef 6", "Oef 6\Oef 6.csproj", "{D1765D6E-B25A-4C09-83BB-349BB21BA4DC}"
EndProject
Global
	GlobalSection(SolutionConfigurationPlatforms) = preSolution
		Debug|Any CPU = Debug|Any CPU
		Debug|x64 = Debug|x64
		Debug|x86 = Debug|x86
		Release|Any CPU = Release|Any CPU
		Release|x64 = Release|x64
		Release|x86 = Release|x86
	EndGlobalSection
	GlobalSection(ProjectConfigurationPlatforms) = postSolution
		{E3484EF9-E0C6-4DC7-A145-2658971652D3}.Debug|Any CPU.ActiveCfg = Debug|Any CPU
		{E3484EF9-E0C6-4DC7-A145-2658971652D3}.Debug|Any CPU.Build.0 = Debug|Any CPU
		{E3484EF9-E0C6-4DC7-A145-2658971652D3}.Debug|x64.ActiveCfg = Debug|Any CPU
		{E3484EF9-E0C6-4DC7-A145-2658971652D3}.Debug|x64.Build.0 = Debug|Any CPU
		{E3484EF9-E0C6-4DC7-A145-2658971652D3}.Debug|x86.ActiveCfg = Debug|Any CPU
		{E3484EF9-E0C6-4DC7-A145-2658971652D3}.Debug|x86.Build.0 = Debug|Any CPU
		{E3484EF9-E0C6-4DC7-A145-2658971652D3}.Release|Any CPU.ActiveCfg = Release|Any CPU
		{E3484EF9-E0C6-4DC7-A145-2658971652D3}.Release|Any CPU.Build.0 = Release|Any CPU
		{E3484EF9-E0C6-4DC7-A145-2658971652D3}.Release|x64.ActiveCfg = Release|Any CPU
		{E3484EF9-E0C6-4DC7-A145-2658971652D3}.Release|x64.Build.0 = Release|Any CPU
		{E3484EF9-E0C6-4DC7-A145-2658971652D3}.Release|x86.ActiveCfg = Release|Any CPU
		{E3484EF9-E0C6-4DC7-A145-2658971652D3}.Release|x86.Build.0 = Release|Any CPU
		{FA9F31DE-F46A-429E-A8BC-95CBD2795853}.Debug|Any CPU.ActiveCfg = Debug|Any CPU
		{FA9F31DE-F46A-429E-A8BC-95CBD2795853}.Debug|Any CPU.Build.0 = Debug|Any CPU
		{FA9F31DE-F46A-429E-A8BC-95CBD2795853}.Debug|x64.ActiveCfg = Debug|Any CPU
		{FA9F31DE-F46A-429E-A8BC-95CBD2795853}.Debug|x64.Build.0 = Debug|Any CPU
		{FA9F31DE-F46A-429E-A8BC-95CBD2795853}.Debug|x86.ActiveCfg = Debug|Any CPU
		{FA9F31DE-F46A-429E-A8BC-95CBD2795853}.Debug|x86.Build.0 = Debug|Any CPU
		{FA9F31DE-F46A-429E-A8BC-95CBD2795853}.Release|Any CPU.ActiveCfg = Release|Any CPU
		{FA9F31DE-F46A-429E-A8BC-95CBD2795853}.Release|Any CPU.Build.0 = Release|Any CPU
		{FA9F31DE-F46A-429E-A8BC-95CBD2795853}.Release|x64.ActiveCfg = Release|Any CPU
		{FA9F31DE-F46A-429E-A8BC-95CBD2795853}.Release|x64.Build.0 = Release|Any CPU
		{FA9F31DE-F46A-429E-A8BC-95CBD2795853}.Release|x86.ActiveCfg = Release|Any CPU
		{FA9F31DE-F46A-429E-A8BC-95CBD2795853}.Release|x86.Build.0 = Release|Any CPU
		{B8E1FFE5-29B7-4156-A320-C33817802DF3}.Debug|Any CPU.ActiveCfg = Debug|Any CPU
		{B8E1FFE5-29B7-4156-A320-C33817802DF3}.Debug|Any CPU.Build.0 = Debug|Any CPU
		{B8E1FFE5-29B7-4156-A320-C33817802DF3}.Debug|x64.ActiveCfg = Debug|Any CPU
		{B8E1FFE5-29B7-4156-A320-C33817802DF3}.Debug|x64.Build.0 = Debug|Any CPU
		{B8E1FFE5-29B7-4156-A320-C33817802DF3}.Debug|x86.ActiveCfg = Debug|Any CPU
		{B8E1FFE5-29B7-4156-A320-C33817802DF3}.Debug|x86.Build.0 = Debug|Any CPU
		{B8E1FFE5-29B7-4156-A320-C33817802DF3}.Release|Any CPU.ActiveCfg = Release|Any CPU
		{B8E1FFE5-29B7-4156-A320-C33817802DF3}.Release|Any CPU.Build.0 = Release|Any CPU
		{B8E1FFE5-29B7-4156-A320-C33817802DF3}.Release|x64.ActiveCfg = Release|Any CPU
		{B8E1FFE5-29B7-4156-A320-C33817802DF3}.Release|x64.Build.0 = Release|Any CPU
		{B8E1FFE5-29B7-4156-A320-C33817802DF3}.Release|x86.ActiveCfg = Release|Any CPU
		{B8E1FFE5-29B7-4156-A320-C33817802DF3}.Release|x86.Build.0 = Release|Any CPU
		{5B6B2CA6-6B37-4E7F-9EDC-4C50C55E6CEE}.Debug|Any CPU.ActiveCfg = Debug|Any CPU
		{5B6B2CA6-6B37-4E7F-9EDC-4C50C55E6CEE}.Debug|Any CPU.Build.0 = Debug|Any CPU
		{5B6B2CA6-6B37-4E7F-9EDC-4C50C55E6CEE}.Debug|x64.ActiveCfg = Debug|Any CPU
		{5B6B2CA6-6B37-4E7F-9EDC-4C50C55E6CEE}.Debug|x64.Build.0 = Debug|Any CPU
		{5B6B2CA6-6B37-4E7F-9EDC-4C50C55E6CEE}.Debug|x86.ActiveCfg = Debug|Any CPU
		{5B6B2CA6-6B37-4E7F-9EDC-4C50C55E6CEE}.Debug|x86.Build.0 = Debug|Any CPU
		{5B6B2CA6-6B37-4E7F-9EDC-4C50C55E6CEE}.Release|Any CPU.ActiveCfg = Release|Any CPU
		{5B6B2CA6-6B37-4E7F-9EDC-4C50C55E6CEE}.Release|Any CPU.Build.0 = Release|Any CPU
		{5B6B2CA6-6B37-4E7F-9EDC-4C50C55E6CEE}.Release|x64.ActiveCfg = Release|Any CPU
		{5B6B2CA6-6B37-4E7F-9EDC-4C50C55E6CEE}.Release|x64.Build.0 = Release|Any CPU
		{5B6B2CA6-6B37-4E7F-9EDC-4C50C55E6CEE}.Release|x86.ActiveCfg = Release|Any CPU
		{5B6B2CA6-6B37-4E7F-9EDC-4C50C55E6CEE}.Release|x86.Build.0 = Release|Any CPU
		{EA435B21-147D-4D33-8E0E-CF864D07CFD8}.Debug|Any CPU.ActiveCfg = Debug|Any CPU
		{EA435B21-147D-4D33-8E0E-CF864D07CFD8}.Debug|Any CPU.Build.0 = Debug|Any CPU
		{EA435B21-147D-4D33-8E0E-CF864D07CFD8}.Debug|x64.ActiveCfg = Debug|Any CPU
		{EA435B21-147D-4D33-8E0E-CF864D07CFD8}.Debug|x64.Build.0 = Debug|Any CPU
		{EA435B21-147D-4D33-8E0E-CF864D07CFD8}.Debug|x86.ActiveCfg = Debug|Any CPU
		{EA435B21-147D-4D33-8E0E-CF864D07CFD8}.Debug|x86.Build.0 = Debug|Any CPU
		{EA435B21-147D-4D33-8E0E-CF864D07CFD8}.Release|Any CPU.ActiveCfg = Release|Any CPU
		{EA435B21-147D-4D33-8E0E-CF864D07CFD8}.Release|Any CPU.Build.0 = Release|Any CPU
		{EA435B21-147D-4D33-8E0E-CF864D07CFD8}.Release|x64.ActiveCfg = Release|Any CPU
		{EA435B21-147D-4D33-8E0E-CF864D07CFD8}.Release|x64.Build.0 = Release|Any CPU
		{EA435B21-147D-4D33-8E0E-CF864D07CFD8}.Release|x86.ActiveCfg = Release|Any CPU
		{EA435B21-147D-4D33-8E0E-CF864D07CFD8}.Release|x86.Build.0 = Release|Any CPU
		{EBB156BC-A894-4245-B5FF-35C2D9FF0705}.Debug|Any CPU.ActiveCfg = Debug|Any CPU
		{EBB156BC-A894-4245-B5FF-35C2D9FF0705}.Debug|Any CPU.Build.0 = Debug|Any CPU
		{EBB156BC-A894-4245-B5FF-35C2D9FF0705}.Debug|x64.ActiveCfg = Debug|Any CPU
		{EBB156BC-A894-4245-B5FF-35C2D9FF0705}.Debug|x64.Build.0 = Debug|Any CPU
		{EBB156BC-A894-4245-B5FF-35C2D9FF0705}.Debug|x86.ActiveCfg = Debug|Any CPU
		{EBB156BC-A894-4245-B5FF-35C2D9FF0705}.Debug|x86.Build.0 = Debug|Any CPU
		{EBB156BC-A894-4245-B5FF-35C2D9FF0705}.Release|Any CPU.ActiveCfg = Release|Any CPU
		{EBB156BC-A894-4245-B5FF-35C2D9FF0705}.Release|Any CPU.Build.0 = Release|Any CPU
		{EBB156BC-A894-4245-B5FF-35C2D9FF0705}.Release|x64.ActiveCfg = Release|Any CPU
		{EBB156BC-A894-4245-B5FF-35C2D9FF0705}.Release|x64.Build.0 = Release|Any CPU
		{EBB156BC-A894-4245-B5FF-35C2D9FF0705}.Release|x86.ActiveCfg = Release|Any CPU
		{EBB156BC-A894-4245-B5FF-35C2D9FF0705}.Release|x86.Build.0 = Release|Any CPU
		{91679F2C-D458-4506-935F-F7EEF92E6677}.Debug|Any CPU.ActiveCfg = Debug|Any CPU
		{91679F2C-D458-4506-935F-F7EEF92E6677}.Debug|Any CPU.Build.0 = Debug|Any CPU
		{91679F2C-D458-4506-935F-F7EEF92E6677}.Debug|x64.ActiveCfg = Debug|Any CPU
		{91679F2C-D458-4506-935F-F7EEF92E6677}.Debug|x64.Build.0 = Debug|Any CPU
		{91679F2C-D458-4506-935F-F7EEF92E6677}.Debug|x86.ActiveCfg = Debug|Any CPU
		{91679F2C-D458-4506-935F-F7EEF92E6677}.Debug|x86.Build.0 = Debug|Any CPU
		{91679F2C-D458-4506-935F-F7EEF92E6677}.Release|Any CPU.ActiveCfg = Release|Any CPU
		{91679F2C-D458-4506-935F-F7EEF92E6677}.Release|Any CPU.Build.0 = Release|Any CPU
		{91679F2C-D458-4506-935F-F7EEF92E6677}.Release|x64.ActiveCfg = Release|Any CPU
		{91679F2C-D458-4506-935F-F7EEF92E6677}.Release|x64.Build.0 = Release|Any CPU
		{91679F2C-D458-4506-935F-F7EEF92E6677}.Release|x86.ActiveCfg = Release|Any CPU
		{91679F2C-D458-4506-935F-F7EEF92E6677}.Release|x86.Build.0 = Release|Any CPU
		{CBB6B366-80FF-46E4-8D9E-DD9FE9B445B8}.Debug|Any CPU.ActiveCfg = Debug|Any CPU
		{CBB6B366-80FF-46E4-8D9E-DD9FE9B445B8}.Debug|Any CPU.Build.0 = Debug|Any CPU
		{CBB6B366-80FF-46E4-8D9E-DD9FE9B445B8}.Debug|x64.ActiveCfg = Debug|Any CPU
		{CBB6B366-80FF-46E4-8D9E-DD9FE9B445B8}.Debug|x64.Build.0 = Debug|Any CPU
		{CBB6B366-80FF-46E4-8D9E-DD9FE9B445B8}.Debug|x86.ActiveCfg = Debug|Any CPU
		{CBB6B366-80FF-46E4-8D9E-DD9FE9B445B8}.Debug|x86.Build.0 = Debug|Any CPU
		{CBB6B366-80FF-46E4-8D9E-DD9FE9B445B8}.Release|Any CPU.ActiveCfg = Release|Any CPU
		{CBB6B366-80FF-46E4-8D9E-DD9FE9B445B8}.Release|Any CPU.Build.0 = Release|Any CPU
		{CBB6B366-80FF-46E4-8D9E-DD9FE9B445B8}.Release|x64.ActiveCfg = Release|Any CPU
		{CBB6B366-80FF-46E4-8D9E-DD9FE9B445B8}.Release|x64.Build.0 = Release|Any CPU
		{CBB6B366-80FF-46E4-8D9E-DD9FE9B445B8}.Release|x86.ActiveCfg = Release|Any CPU
		{CBB6B366-80FF-46E4-8D9E-DD9FE9B445B8}.Release|x86.Build.0 = Release|Any CPU
		{D1765D6E-B25A-4C09-83BB-349BB21BA4DC}.Debug|Any CPU.ActiveCfg = Debug|Any CPU
		{D1765D6E-B25A-4C09-83BB-349BB21BA4DC}.Debug|Any CPU.Build.0 = Debug|Any CPU
		{D1765D6E-B25A-4C09-83BB-349BB21BA4DC}.Debug|x64.ActiveCfg = Debug|Any CPU
		{D1765D6E-B25A-4C09-83BB-349BB21BA4DC}.Debug|x64.Build.0 = Debug|Any CPU
		{D1765D6E-B25A-4C09-83BB-349BB21BA4DC}.Debug|x86.ActiveCfg = Debug|Any CPU
		{D1765D6E-B25A-4C09-83BB-349BB21BA4DC}.Debug|x86.Build.0 = Debug|Any CPU
		{D1765D6E-B25A-4C09-83BB-349BB21BA4DC}.Release|Any CPU.ActiveCfg = Release|Any CPU
		{D1765D6E-B25A-4C09-83BB-349BB21BA4DC}.Release|Any CPU.Build.0 = Release|Any CPU
		{D1765D6E-B25A-4C09-83BB-349BB21BA4DC}.Release|x64.ActiveCfg = Release|Any CPU
		{D1765D6E-B25A-4C09-83BB-349BB21BA4DC}.Release|x64.Build.0 = Release|Any CPU
		{D1765D6E-B25A-4C09-83BB-349BB21BA4DC}.Release|x86.ActiveCfg = Release|Any CPU
		{D1765D6E-B25A-4C09-83BB-349BB21BA4DC}.Release|x86.Build.0 = Release|Any CPU
	EndGlobalSection
	GlobalSection(SolutionProperties) = preSolution
		HideSolutionNode = FALSE
	EndGlobalSection
	GlobalSection(ExtensibilityGlobals) = postSolution
		SolutionGuid = {9782446B-A3C7-42CE-86C6-B4E8DD624FEB}
	EndGlobalSection
EndGlobal
